
Microsoft Visual Studio Solution File, Format Version 12.00
# Visual Studio Version 17
VisualStudioVersion = 17.6.33829.357
MinimumVisualStudioVersion = 10.0.40219.1
Project("{2150E333-8FDC-42A3-9474-1A3956D46DE8}") = "src", "src", "{AEA90923-B126-43B0-B8EC-DD994B2D645F}"
EndProject
Project("{2150E333-8FDC-42A3-9474-1A3956D46DE8}") = "tests", "tests", "{26052A88-8DD7-49D7-A91A-EA596096C853}"
EndProject
Project("{2150E333-8FDC-42A3-9474-1A3956D46DE8}") = "Shared", "Shared", "{02239B44-D61B-439A-BC7D-675976067950}"
	ProjectSection(SolutionItems) = preProject
		src\Shared\IsExternalInit.cs = src\Shared\IsExternalInit.cs
	EndProjectSection
EndProject
Project("{2150E333-8FDC-42A3-9474-1A3956D46DE8}") = "Builders", "Builders", "{986033CA-A9ED-4121-89D4-381A32278C41}"
	ProjectSection(SolutionItems) = preProject
		src\Shared\Builders\FunctionalBuilder``.cs = src\Shared\Builders\FunctionalBuilder``.cs
		src\Shared\Builders\FunctionalBuilder```.cs = src\Shared\Builders\FunctionalBuilder```.cs
		src\Shared\Builders\IFunctionalBuilder``.cs = src\Shared\Builders\IFunctionalBuilder``.cs
		src\Shared\Builders\IFunctionalBuilder```.cs = src\Shared\Builders\IFunctionalBuilder```.cs
	EndProjectSection
EndProject
Project("{2150E333-8FDC-42A3-9474-1A3956D46DE8}") = "Extensions", "Extensions", "{DB727559-4041-4073-95BC-829910973C08}"
	ProjectSection(SolutionItems) = preProject
		src\Shared\Extensions\LoggerFactoryExtensions.cs = src\Shared\Extensions\LoggerFactoryExtensions.cs
		src\Shared\Extensions\TaskExtensions.cs = src\Shared\Extensions\TaskExtensions.cs
		src\Shared\Extensions\TypeExtensions.cs = src\Shared\Extensions\TypeExtensions.cs
		src\Shared\Extensions\ValidatableObjectExtensions.cs = src\Shared\Extensions\ValidatableObjectExtensions.cs
	EndProjectSection
EndProject
Project("{2150E333-8FDC-42A3-9474-1A3956D46DE8}") = "Internal", "Internal", "{C5BEBCA1-8A0D-4DB6-A676-3DF3257BC7C2}"
	ProjectSection(SolutionItems) = preProject
		src\Shared\SchemaRegistry\Internal\ISchemaRegistryClientFactory.cs = src\Shared\SchemaRegistry\Internal\ISchemaRegistryClientFactory.cs
		src\Shared\SchemaRegistry\Internal\RegisteredSchemaBuilder.cs = src\Shared\SchemaRegistry\Internal\RegisteredSchemaBuilder.cs
		src\Shared\SchemaRegistry\Internal\SchemaBuilder.cs = src\Shared\SchemaRegistry\Internal\SchemaBuilder.cs
		src\Shared\SchemaRegistry\Internal\SchemaRegistryClientBuilder.cs = src\Shared\SchemaRegistry\Internal\SchemaRegistryClientBuilder.cs
		src\Shared\SchemaRegistry\Internal\SchemaRegistryClientConstants.cs = src\Shared\SchemaRegistry\Internal\SchemaRegistryClientConstants.cs
		src\Shared\SchemaRegistry\Internal\SchemaRegistryClientFactory.cs = src\Shared\SchemaRegistry\Internal\SchemaRegistryClientFactory.cs
		src\Shared\SchemaRegistry\Internal\SchemaRegistryConfigBuilder.cs = src\Shared\SchemaRegistry\Internal\SchemaRegistryConfigBuilder.cs
		src\Shared\SchemaRegistry\Internal\UnregisteredSchemaBuilder.cs = src\Shared\SchemaRegistry\Internal\UnregisteredSchemaBuilder.cs
	EndProjectSection
EndProject
Project("{2150E333-8FDC-42A3-9474-1A3956D46DE8}") = "SchemaRegistry", "SchemaRegistry", "{FCD55A40-E3FF-4762-8EDE-743B50590B74}"
	ProjectSection(SolutionItems) = preProject
		src\Shared\SchemaRegistry\IRegisteredSchemaBuilder.cs = src\Shared\SchemaRegistry\IRegisteredSchemaBuilder.cs
		src\Shared\SchemaRegistry\ISchemaBuilder.cs = src\Shared\SchemaRegistry\ISchemaBuilder.cs
		src\Shared\SchemaRegistry\ISchemaBuilder`.cs = src\Shared\SchemaRegistry\ISchemaBuilder`.cs
		src\Shared\SchemaRegistry\ISchemaRegistryClientBuilder.cs = src\Shared\SchemaRegistry\ISchemaRegistryClientBuilder.cs
		src\Shared\SchemaRegistry\ISchemaRegistryConfigBuilder.cs = src\Shared\SchemaRegistry\ISchemaRegistryConfigBuilder.cs
		src\Shared\SchemaRegistry\IUnregisteredSchemaBuilder.cs = src\Shared\SchemaRegistry\IUnregisteredSchemaBuilder.cs
		src\Shared\SchemaRegistry\SchemaRegistryClientServiceCollectionExtensions.cs = src\Shared\SchemaRegistry\SchemaRegistryClientServiceCollectionExtensions.cs
	EndProjectSection
EndProject
Project("{2150E333-8FDC-42A3-9474-1A3956D46DE8}") = "Solution Items", "Solution Items", "{47B996F0-E478-41D6-BF78-13B5B17644F0}"
	ProjectSection(SolutionItems) = preProject
		.gitignore = .gitignore
		Directory.Build.props = Directory.Build.props
		docker-compose.yml = docker-compose.yml
		LICENSE = LICENSE
		README.md = README.md
	EndProjectSection
EndProject
Project("{9A19103F-16F7-4668-BE54-9A1E7A4F7556}") = "Confluent.Kafka.Core", "src\Confluent.Kafka.Core\Confluent.Kafka.Core.csproj", "{16EEEF2A-7549-47AA-B4B1-57579B6A3ACB}"
EndProject
Project("{9A19103F-16F7-4668-BE54-9A1E7A4F7556}") = "Confluent.Kafka.Core.Abstractions", "src\Confluent.Kafka.Core.Abstractions\Confluent.Kafka.Core.Abstractions.csproj", "{CE8DB9B5-C53A-4DCE-BF2C-1309D5947264}"
EndProject
Project("{9A19103F-16F7-4668-BE54-9A1E7A4F7556}") = "Confluent.Kafka.Core.Serialization.JsonCore", "src\Confluent.Kafka.Core.Serialization.JsonCore\Confluent.Kafka.Core.Serialization.JsonCore.csproj", "{278AB0C3-14EA-4980-9EE3-B914E96D8A75}"
EndProject
Project("{9A19103F-16F7-4668-BE54-9A1E7A4F7556}") = "Confluent.Kafka.Core.Tests", "tests\Confluent.Kafka.Core.Tests\Confluent.Kafka.Core.Tests.csproj", "{0A45BFC6-4F28-472F-BD16-AD11A14FF2F3}"
EndProject
Project("{9A19103F-16F7-4668-BE54-9A1E7A4F7556}") = "Confluent.Kafka.Core.Serialization.NewtonsoftJson", "src\Confluent.Kafka.Core.Serialization.NewtonsoftJson\Confluent.Kafka.Core.Serialization.NewtonsoftJson.csproj", "{399C7349-684A-4832-B5AB-561ACE5717C6}"
EndProject
Project("{9A19103F-16F7-4668-BE54-9A1E7A4F7556}") = "Confluent.Kafka.Core.Serialization.ProtobufNet", "src\Confluent.Kafka.Core.Serialization.ProtobufNet\Confluent.Kafka.Core.Serialization.ProtobufNet.csproj", "{6926DDD4-88B7-4008-BCB6-E4E9C69CB074}"
EndProject
Project("{9A19103F-16F7-4668-BE54-9A1E7A4F7556}") = "Confluent.Kafka.Core.Retry.Polly", "src\Confluent.Kafka.Core.Retry.Polly\Confluent.Kafka.Core.Retry.Polly.csproj", "{98D1F5A7-5443-4FE3-BDD8-24028D247DAD}"
EndProject
Project("{9A19103F-16F7-4668-BE54-9A1E7A4F7556}") = "Confluent.Kafka.Core.OpenTelemetry", "src\Confluent.Kafka.Core.OpenTelemetry\Confluent.Kafka.Core.OpenTelemetry.csproj", "{E6140573-0313-452C-95CA-2F6F920CA966}"
EndProject
Project("{9A19103F-16F7-4668-BE54-9A1E7A4F7556}") = "Confluent.Kafka.Core.Idempotency.Redis", "src\Confluent.Kafka.Core.Idempotency.Redis\Confluent.Kafka.Core.Idempotency.Redis.csproj", "{0C47AD3D-28F8-4412-AB18-6C7522EFF08D}"
EndProject
Project("{9A19103F-16F7-4668-BE54-9A1E7A4F7556}") = "Confluent.Kafka.Core.Serialization.SchemaRegistry.Json", "src\Confluent.Kafka.Core.Serialization.SchemaRegistry.Json\Confluent.Kafka.Core.Serialization.SchemaRegistry.Json.csproj", "{77F83638-A9BD-40CB-8B4D-B3FEE0C2EAC2}"
EndProject
Project("{9A19103F-16F7-4668-BE54-9A1E7A4F7556}") = "Confluent.Kafka.Core.Serialization.SchemaRegistry.Protobuf", "src\Confluent.Kafka.Core.Serialization.SchemaRegistry.Protobuf\Confluent.Kafka.Core.Serialization.SchemaRegistry.Protobuf.csproj", "{D6015F89-5C86-4170-BD62-6A4C8EFEEB32}"
EndProject
Project("{9A19103F-16F7-4668-BE54-9A1E7A4F7556}") = "Confluent.Kafka.Core.Serialization.SchemaRegistry.Avro", "src\Confluent.Kafka.Core.Serialization.SchemaRegistry.Avro\Confluent.Kafka.Core.Serialization.SchemaRegistry.Avro.csproj", "{99B717E9-F57A-4302-9057-9419F1C7FCD4}"
EndProject
Project("{2150E333-8FDC-42A3-9474-1A3956D46DE8}") = "Core", "Core", "{65179FA7-59B0-44F4-A6AE-6A99492FD348}"
EndProject
Project("{2150E333-8FDC-42A3-9474-1A3956D46DE8}") = "Serialization", "Serialization", "{27D91B6A-8FE7-4C93-911F-5114E0017522}"
EndProject
Project("{2150E333-8FDC-42A3-9474-1A3956D46DE8}") = "OpenTelemetry", "OpenTelemetry", "{DD54AB9E-ABC7-40B7-8825-BB03F7D9F62B}"
EndProject
Project("{2150E333-8FDC-42A3-9474-1A3956D46DE8}") = "Idempotency", "Idempotency", "{7BDDD1F9-DA86-48D0-8E02-F2867D4417BB}"
EndProject
Project("{2150E333-8FDC-42A3-9474-1A3956D46DE8}") = "Retry", "Retry", "{00F60606-1756-4212-BC74-347F31B75AA9}"
EndProject
Project("{2150E333-8FDC-42A3-9474-1A3956D46DE8}") = ".github", ".github", "{283EBAB0-38CD-4CB0-9252-F1DA3A19C139}"
EndProject
Project("{2150E333-8FDC-42A3-9474-1A3956D46DE8}") = "workflows", "workflows", "{47DC6568-0B2E-4AEB-9BE3-7E047DDA9961}"
	ProjectSection(SolutionItems) = preProject
		.github\workflows\build-and-publish.yml = .github\workflows\build-and-publish.yml
		.github\workflows\build-and-tests.yml = .github\workflows\build-and-tests.yml
	EndProjectSection
EndProject
Project("{9A19103F-16F7-4668-BE54-9A1E7A4F7556}") = "Confluent.Kafka.Core.Shared.Tests", "tests\Confluent.Kafka.Core.Shared.Tests\Confluent.Kafka.Core.Shared.Tests.csproj", "{9577AAD1-F4EA-4651-9A61-406C56329080}"
EndProject
Project("{2150E333-8FDC-42A3-9474-1A3956D46DE8}") = "docs", "docs", "{35B675E2-9122-407A-932E-C66F5A4534B6}"
	ProjectSection(SolutionItems) = preProject
		docs\Features.md = docs\Features.md
		docs\Installation.md = docs\Installation.md
		docs\Packages.md = docs\Packages.md
		docs\Usage.md = docs\Usage.md
	EndProjectSection
EndProject
Project("{2150E333-8FDC-42A3-9474-1A3956D46DE8}") = "Core", "Core", "{FB4FEA16-9163-4CA3-AEA6-EB4AD86A2065}"
	ProjectSection(SolutionItems) = preProject
		docs\Core\PubSub.md = docs\Core\PubSub.md
		docs\Core\Workers.md = docs\Core\Workers.md
	EndProjectSection
EndProject
Project("{2150E333-8FDC-42A3-9474-1A3956D46DE8}") = "Idempotency", "Idempotency", "{0416079D-54F0-4044-BEBD-3D3BCD2DA6A7}"
	ProjectSection(SolutionItems) = preProject
		docs\Idempotency\Idempotency.md = docs\Idempotency\Idempotency.md
	EndProjectSection
EndProject
Project("{2150E333-8FDC-42A3-9474-1A3956D46DE8}") = "OpenTelemetry", "OpenTelemetry", "{CB999B46-7EAD-496D-A951-D2393E707F6D}"
	ProjectSection(SolutionItems) = preProject
		docs\OpenTelemetry\OpenTelemetry.md = docs\OpenTelemetry\OpenTelemetry.md
	EndProjectSection
EndProject
Project("{2150E333-8FDC-42A3-9474-1A3956D46DE8}") = "Retry", "Retry", "{C9A6C508-44C3-4BEC-B7C3-884BACF8F406}"
	ProjectSection(SolutionItems) = preProject
		docs\Retry\BlockingRetry.md = docs\Retry\BlockingRetry.md
	EndProjectSection
EndProject
Project("{2150E333-8FDC-42A3-9474-1A3956D46DE8}") = "Serialization", "Serialization", "{78283E4C-0429-4FA1-BBBE-BEDEE92EA0F9}"
	ProjectSection(SolutionItems) = preProject
		docs\Serialization\JsonCore.md = docs\Serialization\JsonCore.md
		docs\Serialization\JsonNET.md = docs\Serialization\JsonNET.md
		docs\Serialization\ProtobufNet.md = docs\Serialization\ProtobufNet.md
		docs\Serialization\SchemaRegistryAvro.md = docs\Serialization\SchemaRegistryAvro.md
		docs\Serialization\SchemaRegistryJson.md = docs\Serialization\SchemaRegistryJson.md
		docs\Serialization\SchemaRegistryProtobuf.md = docs\Serialization\SchemaRegistryProtobuf.md
		docs\Serialization\Serialization.md = docs\Serialization\Serialization.md
	EndProjectSection
EndProject
Global
	GlobalSection(SolutionConfigurationPlatforms) = preSolution
		Debug|Any CPU = Debug|Any CPU
		Release|Any CPU = Release|Any CPU
	EndGlobalSection
	GlobalSection(ProjectConfigurationPlatforms) = postSolution
		{16EEEF2A-7549-47AA-B4B1-57579B6A3ACB}.Debug|Any CPU.ActiveCfg = Debug|Any CPU
		{16EEEF2A-7549-47AA-B4B1-57579B6A3ACB}.Debug|Any CPU.Build.0 = Debug|Any CPU
		{16EEEF2A-7549-47AA-B4B1-57579B6A3ACB}.Release|Any CPU.ActiveCfg = Release|Any CPU
		{16EEEF2A-7549-47AA-B4B1-57579B6A3ACB}.Release|Any CPU.Build.0 = Release|Any CPU
		{CE8DB9B5-C53A-4DCE-BF2C-1309D5947264}.Debug|Any CPU.ActiveCfg = Debug|Any CPU
		{CE8DB9B5-C53A-4DCE-BF2C-1309D5947264}.Debug|Any CPU.Build.0 = Debug|Any CPU
		{CE8DB9B5-C53A-4DCE-BF2C-1309D5947264}.Release|Any CPU.ActiveCfg = Release|Any CPU
		{CE8DB9B5-C53A-4DCE-BF2C-1309D5947264}.Release|Any CPU.Build.0 = Release|Any CPU
		{278AB0C3-14EA-4980-9EE3-B914E96D8A75}.Debug|Any CPU.ActiveCfg = Debug|Any CPU
		{278AB0C3-14EA-4980-9EE3-B914E96D8A75}.Debug|Any CPU.Build.0 = Debug|Any CPU
		{278AB0C3-14EA-4980-9EE3-B914E96D8A75}.Release|Any CPU.ActiveCfg = Release|Any CPU
		{278AB0C3-14EA-4980-9EE3-B914E96D8A75}.Release|Any CPU.Build.0 = Release|Any CPU
		{0A45BFC6-4F28-472F-BD16-AD11A14FF2F3}.Debug|Any CPU.ActiveCfg = Debug|Any CPU
		{0A45BFC6-4F28-472F-BD16-AD11A14FF2F3}.Debug|Any CPU.Build.0 = Debug|Any CPU
		{0A45BFC6-4F28-472F-BD16-AD11A14FF2F3}.Release|Any CPU.ActiveCfg = Release|Any CPU
		{0A45BFC6-4F28-472F-BD16-AD11A14FF2F3}.Release|Any CPU.Build.0 = Release|Any CPU
		{399C7349-684A-4832-B5AB-561ACE5717C6}.Debug|Any CPU.ActiveCfg = Debug|Any CPU
		{399C7349-684A-4832-B5AB-561ACE5717C6}.Debug|Any CPU.Build.0 = Debug|Any CPU
		{399C7349-684A-4832-B5AB-561ACE5717C6}.Release|Any CPU.ActiveCfg = Release|Any CPU
		{399C7349-684A-4832-B5AB-561ACE5717C6}.Release|Any CPU.Build.0 = Release|Any CPU
		{6926DDD4-88B7-4008-BCB6-E4E9C69CB074}.Debug|Any CPU.ActiveCfg = Debug|Any CPU
		{6926DDD4-88B7-4008-BCB6-E4E9C69CB074}.Debug|Any CPU.Build.0 = Debug|Any CPU
		{6926DDD4-88B7-4008-BCB6-E4E9C69CB074}.Release|Any CPU.ActiveCfg = Release|Any CPU
		{6926DDD4-88B7-4008-BCB6-E4E9C69CB074}.Release|Any CPU.Build.0 = Release|Any CPU
		{98D1F5A7-5443-4FE3-BDD8-24028D247DAD}.Debug|Any CPU.ActiveCfg = Debug|Any CPU
		{98D1F5A7-5443-4FE3-BDD8-24028D247DAD}.Debug|Any CPU.Build.0 = Debug|Any CPU
		{98D1F5A7-5443-4FE3-BDD8-24028D247DAD}.Release|Any CPU.ActiveCfg = Release|Any CPU
		{98D1F5A7-5443-4FE3-BDD8-24028D247DAD}.Release|Any CPU.Build.0 = Release|Any CPU
		{E6140573-0313-452C-95CA-2F6F920CA966}.Debug|Any CPU.ActiveCfg = Debug|Any CPU
		{E6140573-0313-452C-95CA-2F6F920CA966}.Debug|Any CPU.Build.0 = Debug|Any CPU
		{E6140573-0313-452C-95CA-2F6F920CA966}.Release|Any CPU.ActiveCfg = Release|Any CPU
		{E6140573-0313-452C-95CA-2F6F920CA966}.Release|Any CPU.Build.0 = Release|Any CPU
		{0C47AD3D-28F8-4412-AB18-6C7522EFF08D}.Debug|Any CPU.ActiveCfg = Debug|Any CPU
		{0C47AD3D-28F8-4412-AB18-6C7522EFF08D}.Debug|Any CPU.Build.0 = Debug|Any CPU
		{0C47AD3D-28F8-4412-AB18-6C7522EFF08D}.Release|Any CPU.ActiveCfg = Release|Any CPU
		{0C47AD3D-28F8-4412-AB18-6C7522EFF08D}.Release|Any CPU.Build.0 = Release|Any CPU
		{77F83638-A9BD-40CB-8B4D-B3FEE0C2EAC2}.Debug|Any CPU.ActiveCfg = Debug|Any CPU
		{77F83638-A9BD-40CB-8B4D-B3FEE0C2EAC2}.Debug|Any CPU.Build.0 = Debug|Any CPU
		{77F83638-A9BD-40CB-8B4D-B3FEE0C2EAC2}.Release|Any CPU.ActiveCfg = Release|Any CPU
		{77F83638-A9BD-40CB-8B4D-B3FEE0C2EAC2}.Release|Any CPU.Build.0 = Release|Any CPU
		{D6015F89-5C86-4170-BD62-6A4C8EFEEB32}.Debug|Any CPU.ActiveCfg = Debug|Any CPU
		{D6015F89-5C86-4170-BD62-6A4C8EFEEB32}.Debug|Any CPU.Build.0 = Debug|Any CPU
		{D6015F89-5C86-4170-BD62-6A4C8EFEEB32}.Release|Any CPU.ActiveCfg = Release|Any CPU
		{D6015F89-5C86-4170-BD62-6A4C8EFEEB32}.Release|Any CPU.Build.0 = Release|Any CPU
		{99B717E9-F57A-4302-9057-9419F1C7FCD4}.Debug|Any CPU.ActiveCfg = Debug|Any CPU
		{99B717E9-F57A-4302-9057-9419F1C7FCD4}.Debug|Any CPU.Build.0 = Debug|Any CPU
		{99B717E9-F57A-4302-9057-9419F1C7FCD4}.Release|Any CPU.ActiveCfg = Release|Any CPU
		{99B717E9-F57A-4302-9057-9419F1C7FCD4}.Release|Any CPU.Build.0 = Release|Any CPU
		{9577AAD1-F4EA-4651-9A61-406C56329080}.Debug|Any CPU.ActiveCfg = Debug|Any CPU
		{9577AAD1-F4EA-4651-9A61-406C56329080}.Debug|Any CPU.Build.0 = Debug|Any CPU
		{9577AAD1-F4EA-4651-9A61-406C56329080}.Release|Any CPU.ActiveCfg = Release|Any CPU
		{9577AAD1-F4EA-4651-9A61-406C56329080}.Release|Any CPU.Build.0 = Release|Any CPU
	EndGlobalSection
	GlobalSection(SolutionProperties) = preSolution
		HideSolutionNode = FALSE
	EndGlobalSection
	GlobalSection(NestedProjects) = preSolution
		{02239B44-D61B-439A-BC7D-675976067950} = {AEA90923-B126-43B0-B8EC-DD994B2D645F}
		{986033CA-A9ED-4121-89D4-381A32278C41} = {02239B44-D61B-439A-BC7D-675976067950}
		{DB727559-4041-4073-95BC-829910973C08} = {02239B44-D61B-439A-BC7D-675976067950}
		{C5BEBCA1-8A0D-4DB6-A676-3DF3257BC7C2} = {FCD55A40-E3FF-4762-8EDE-743B50590B74}
		{FCD55A40-E3FF-4762-8EDE-743B50590B74} = {02239B44-D61B-439A-BC7D-675976067950}
		{16EEEF2A-7549-47AA-B4B1-57579B6A3ACB} = {65179FA7-59B0-44F4-A6AE-6A99492FD348}
		{CE8DB9B5-C53A-4DCE-BF2C-1309D5947264} = {65179FA7-59B0-44F4-A6AE-6A99492FD348}
		{278AB0C3-14EA-4980-9EE3-B914E96D8A75} = {27D91B6A-8FE7-4C93-911F-5114E0017522}
		{0A45BFC6-4F28-472F-BD16-AD11A14FF2F3} = {26052A88-8DD7-49D7-A91A-EA596096C853}
		{399C7349-684A-4832-B5AB-561ACE5717C6} = {27D91B6A-8FE7-4C93-911F-5114E0017522}
		{6926DDD4-88B7-4008-BCB6-E4E9C69CB074} = {27D91B6A-8FE7-4C93-911F-5114E0017522}
		{98D1F5A7-5443-4FE3-BDD8-24028D247DAD} = {00F60606-1756-4212-BC74-347F31B75AA9}
		{E6140573-0313-452C-95CA-2F6F920CA966} = {DD54AB9E-ABC7-40B7-8825-BB03F7D9F62B}
		{0C47AD3D-28F8-4412-AB18-6C7522EFF08D} = {7BDDD1F9-DA86-48D0-8E02-F2867D4417BB}
		{77F83638-A9BD-40CB-8B4D-B3FEE0C2EAC2} = {27D91B6A-8FE7-4C93-911F-5114E0017522}
		{D6015F89-5C86-4170-BD62-6A4C8EFEEB32} = {27D91B6A-8FE7-4C93-911F-5114E0017522}
		{99B717E9-F57A-4302-9057-9419F1C7FCD4} = {27D91B6A-8FE7-4C93-911F-5114E0017522}
		{65179FA7-59B0-44F4-A6AE-6A99492FD348} = {AEA90923-B126-43B0-B8EC-DD994B2D645F}
		{27D91B6A-8FE7-4C93-911F-5114E0017522} = {AEA90923-B126-43B0-B8EC-DD994B2D645F}
		{DD54AB9E-ABC7-40B7-8825-BB03F7D9F62B} = {AEA90923-B126-43B0-B8EC-DD994B2D645F}
		{7BDDD1F9-DA86-48D0-8E02-F2867D4417BB} = {AEA90923-B126-43B0-B8EC-DD994B2D645F}
		{00F60606-1756-4212-BC74-347F31B75AA9} = {AEA90923-B126-43B0-B8EC-DD994B2D645F}
		{283EBAB0-38CD-4CB0-9252-F1DA3A19C139} = {47B996F0-E478-41D6-BF78-13B5B17644F0}
		{47DC6568-0B2E-4AEB-9BE3-7E047DDA9961} = {283EBAB0-38CD-4CB0-9252-F1DA3A19C139}
		{9577AAD1-F4EA-4651-9A61-406C56329080} = {26052A88-8DD7-49D7-A91A-EA596096C853}
		{35B675E2-9122-407A-932E-C66F5A4534B6} = {47B996F0-E478-41D6-BF78-13B5B17644F0}
		{FB4FEA16-9163-4CA3-AEA6-EB4AD86A2065} = {35B675E2-9122-407A-932E-C66F5A4534B6}
		{0416079D-54F0-4044-BEBD-3D3BCD2DA6A7} = {35B675E2-9122-407A-932E-C66F5A4534B6}
		{CB999B46-7EAD-496D-A951-D2393E707F6D} = {35B675E2-9122-407A-932E-C66F5A4534B6}
		{C9A6C508-44C3-4BEC-B7C3-884BACF8F406} = {35B675E2-9122-407A-932E-C66F5A4534B6}
		{78283E4C-0429-4FA1-BBBE-BEDEE92EA0F9} = {35B675E2-9122-407A-932E-C66F5A4534B6}
	EndGlobalSection
	GlobalSection(ExtensibilityGlobals) = postSolution
		SolutionGuid = {8D4D3665-5C02-47B5-A7EA-A9BAF680BF28}
	EndGlobalSection
EndGlobal
